// !$*UTF8*$!
{
	archiveVersion = 1;
	classes = {
	};
	objectVersion = 56;
	objects = {

/* Begin PBXBuildFile section */
		5B23FCA6F89E47ECF85E1F43 /* RealTimeSLAM.swift in Sources */ = {isa = PBXBuildFile; fileRef = E20C490331C052B6921F75A2 /* RealTimeSLAM.swift */; };
		77989D11C1761E2CC2996428 /* NeuralRadianceFields.swift in Sources */ = {isa = PBXBuildFile; fileRef = 5ADA9373863947B6C42BBAB2 /* NeuralRadianceFields.swift */; };
		7E5AD9B1F5254296F2E7D2D4 /* SplashScreenView.swift in Sources */ = {isa = PBXBuildFile; fileRef = 2D5ADE1F3A9FE133F4DC48BC /* SplashScreenView.swift */; };
		A1000505 /* LaunchScreen.storyboard in Resources */ = {isa = PBXBuildFile; fileRef = A1000005 /* LaunchScreen.storyboard */; };
		A1000508 /* MetaGlassesApp.swift in Sources */ = {isa = PBXBuildFile; fileRef = A1000006 /* MetaGlassesApp.swift */; };
		CABC283E5C0474D9DCDD310D /* PracticalImprovements.swift in Sources */ = {isa = PBXBuildFile; fileRef = 05FF4539EF9B14F41299DE2B /* PracticalImprovements.swift */; };
		DF3CE7939929DC6B1F39994A /* MetaGlassesLogo.swift in Sources */ = {isa = PBXBuildFile; fileRef = AFCB1B7543B9730A9EFDAEB9 /* MetaGlassesLogo.swift */; };
		E469F1DE681DA5325FAC9CEF /* SharedTypes.swift in Sources */ = {isa = PBXBuildFile; fileRef = 67AF4CD975811F19781772E9 /* SharedTypes.swift */; };
		F365EBD727E2CA07A729A617 /* Photogrammetry3DSystem.swift in Sources */ = {isa = PBXBuildFile; fileRef = B4FBF7CB95212017DE30E8AD /* Photogrammetry3DSystem.swift */; };
/* End PBXBuildFile section */

/* Begin PBXFileReference section */
		05FF4539EF9B14F41299DE2B /* PracticalImprovements.swift */ = {isa = PBXFileReference; includeInIndex = 1; lastKnownFileType = sourcecode.swift; path = PracticalImprovements.swift; sourceTree = "<group>"; };
		2D5ADE1F3A9FE133F4DC48BC /* SplashScreenView.swift */ = {isa = PBXFileReference; includeInIndex = 1; lastKnownFileType = sourcecode.swift; path = SplashScreenView.swift; sourceTree = "<group>"; };
		5ADA9373863947B6C42BBAB2 /* NeuralRadianceFields.swift */ = {isa = PBXFileReference; includeInIndex = 1; lastKnownFileType = sourcecode.swift; path = NeuralRadianceFields.swift; sourceTree = "<group>"; };
		67AF4CD975811F19781772E9 /* SharedTypes.swift */ = {isa = PBXFileReference; includeInIndex = 1; lastKnownFileType = sourcecode.swift; path = SharedTypes.swift; sourceTree = "<group>"; };
		A1000001 /* TestAppDelegate.swift */ = {isa = PBXFileReference; lastKnownFileType = sourcecode.swift; path = TestAppDelegate.swift; sourceTree = "<group>"; };
		A1000002 /* TestDualCaptureViewController.swift */ = {isa = PBXFileReference; lastKnownFileType = sourcecode.swift; path = TestDualCaptureViewController.swift; sourceTree = "<group>"; };
		A1000003 /* Info.plist */ = {isa = PBXFileReference; lastKnownFileType = text.plist.xml; path = Info.plist; sourceTree = "<group>"; };
		A1000004 /* MetaGlassesApp.app */ = {isa = PBXFileReference; explicitFileType = wrapper.application; includeInIndex = 0; path = MetaGlassesApp.app; sourceTree = BUILT_PRODUCTS_DIR; };
		A1000005 /* LaunchScreen.storyboard */ = {isa = PBXFileReference; lastKnownFileType = file.storyboard; path = LaunchScreen.storyboard; sourceTree = "<group>"; };
		A1000006 /* MetaGlassesApp.swift */ = {isa = PBXFileReference; lastKnownFileType = sourcecode.swift; path = MetaGlassesApp.swift; sourceTree = "<group>"; };
		A1000010 /* MetaGlassesCamera */ = {isa = PBXFileReference; lastKnownFileType = folder; path = Sources/MetaGlassesCamera; sourceTree = "<group>"; };
		AFCB1B7543B9730A9EFDAEB9 /* MetaGlassesLogo.swift */ = {isa = PBXFileReference; includeInIndex = 1; lastKnownFileType = sourcecode.swift; path = MetaGlassesLogo.swift; sourceTree = "<group>"; };
		B4FBF7CB95212017DE30E8AD /* Photogrammetry3DSystem.swift */ = {isa = PBXFileReference; includeInIndex = 1; lastKnownFileType = sourcecode.swift; path = Photogrammetry3DSystem.swift; sourceTree = "<group>"; };
		E20C490331C052B6921F75A2 /* RealTimeSLAM.swift */ = {isa = PBXFileReference; includeInIndex = 1; lastKnownFileType = sourcecode.swift; path = RealTimeSLAM.swift; sourceTree = "<group>"; };
/* End PBXFileReference section */

/* Begin PBXFrameworksBuildPhase section */
		A1000502 /* Frameworks */ = {
			isa = PBXFrameworksBuildPhase;
			buildActionMask = 2147483647;
			files = (
			);
			runOnlyForDeploymentPostprocessing = 0;
		};
/* End PBXFrameworksBuildPhase section */

/* Begin PBXGroup section */
		A1000100 /* Products */ = {
			isa = PBXGroup;
			children = (
				A1000004 /* MetaGlassesApp.app */,
			);
			name = Products;
			sourceTree = "<group>";
		};
		A1000101 = {
			isa = PBXGroup;
			children = (
				A1000006 /* MetaGlassesApp.swift */,
				A1000001 /* TestAppDelegate.swift */,
				A1000002 /* TestDualCaptureViewController.swift */,
				A1000003 /* Info.plist */,
				A1000005 /* LaunchScreen.storyboard */,
				A1000010 /* MetaGlassesCamera */,
				05FF4539EF9B14F41299DE2B /* PracticalImprovements.swift */,
				B4FBF7CB95212017DE30E8AD /* Photogrammetry3DSystem.swift */,
				5ADA9373863947B6C42BBAB2 /* NeuralRadianceFields.swift */,
				E20C490331C052B6921F75A2 /* RealTimeSLAM.swift */,
				67AF4CD975811F19781772E9 /* SharedTypes.swift */,
				AFCB1B7543B9730A9EFDAEB9 /* MetaGlassesLogo.swift */,
				2D5ADE1F3A9FE133F4DC48BC /* SplashScreenView.swift */,
			);
			path = .;
			sourceTree = "<group>";
		};
/* End PBXGroup section */

/* Begin PBXNativeTarget section */
		A1000500 /* MetaGlassesApp */ = {
			isa = PBXNativeTarget;
			buildConfigurationList = A1000300 /* Build configuration list for PBXProject "MetaGlassesApp" */;
			buildPhases = (
				A1000501 /* Sources */,
				A1000502 /* Frameworks */,
				A1000503 /* Resources */,
			);
			buildRules = (
			);
			dependencies = (
			);
			name = MetaGlassesApp;
			productName = MetaGlassesApp;
			productReference = A1000004 /* MetaGlassesApp.app */;
			productType = "com.apple.product-type.application";
		};
/* End PBXNativeTarget section */

/* Begin PBXProject section */
		A1000200 /* Project object */ = {
			isa = PBXProject;
			attributes = {
				BuildIndependentTargetsInParallel = YES;
				LastUpgradeCheck = 2610;
			};
			buildConfigurationList = A1000300 /* Build configuration list for PBXProject "MetaGlassesApp" */;
			compatibilityVersion = "Xcode 14.0";
			developmentRegion = en;
			hasScannedForEncodings = 0;
			knownRegions = (
				en,
				Base,
			);
			mainGroup = A1000101;
			productRefGroup = A1000100 /* Products */;
			projectDirPath = "";
			projectRoot = "";
			targets = (
				A1000500 /* MetaGlassesApp */,
			);
		};
/* End PBXProject section */

/* Begin PBXResourcesBuildPhase section */
		A1000503 /* Resources */ = {
			isa = PBXResourcesBuildPhase;
			buildActionMask = 2147483647;
			files = (
				A1000505 /* LaunchScreen.storyboard in Resources */,
			);
			runOnlyForDeploymentPostprocessing = 0;
		};
/* End PBXResourcesBuildPhase section */

/* Begin PBXSourcesBuildPhase section */
		A1000501 /* Sources */ = {
			isa = PBXSourcesBuildPhase;
			buildActionMask = 2147483647;
			files = (
				A1000508 /* MetaGlassesApp.swift in Sources */,
				CABC283E5C0474D9DCDD310D /* PracticalImprovements.swift in Sources */,
				F365EBD727E2CA07A729A617 /* Photogrammetry3DSystem.swift in Sources */,
				77989D11C1761E2CC2996428 /* NeuralRadianceFields.swift in Sources */,
				5B23FCA6F89E47ECF85E1F43 /* RealTimeSLAM.swift in Sources */,
				E469F1DE681DA5325FAC9CEF /* SharedTypes.swift in Sources */,
				DF3CE7939929DC6B1F39994A /* MetaGlassesLogo.swift in Sources */,
				7E5AD9B1F5254296F2E7D2D4 /* SplashScreenView.swift in Sources */,
			);
			runOnlyForDeploymentPostprocessing = 0;
		};
/* End PBXSourcesBuildPhase section */

/* Begin XCBuildConfiguration section */
		A1000301 /* Debug */ = {
			isa = XCBuildConfiguration;
			buildSettings = {
				ALWAYS_SEARCH_USER_PATHS = NO;
				CLANG_ENABLE_OBJC_ARC = YES;
				CLANG_WARN_BLOCK_CAPTURE_AUTORELEASING = YES;
				CLANG_WARN_BOOL_CONVERSION = YES;
				CLANG_WARN_COMMA = YES;
				CLANG_WARN_CONSTANT_CONVERSION = YES;
				CLANG_WARN_DEPRECATED_OBJC_IMPLEMENTATIONS = YES;
				CLANG_WARN_EMPTY_BODY = YES;
				CLANG_WARN_ENUM_CONVERSION = YES;
				CLANG_WARN_INFINITE_RECURSION = YES;
				CLANG_WARN_INT_CONVERSION = YES;
				CLANG_WARN_NON_LITERAL_NULL_CONVERSION = YES;
				CLANG_WARN_OBJC_IMPLICIT_RETAIN_SELF = YES;
				CLANG_WARN_OBJC_LITERAL_CONVERSION = YES;
				CLANG_WARN_QUOTED_INCLUDE_IN_FRAMEWORK_HEADER = YES;
				CLANG_WARN_RANGE_LOOP_ANALYSIS = YES;
				CLANG_WARN_STRICT_PROTOTYPES = YES;
				CLANG_WARN_SUSPICIOUS_MOVE = YES;
				CLANG_WARN_UNREACHABLE_CODE = YES;
				CLANG_WARN__DUPLICATE_METHOD_MATCH = YES;
				CODE_SIGNING_ALLOWED = YES;
				CODE_SIGNING_REQUIRED = YES;
				CODE_SIGN_IDENTITY = "iPhone Developer";
				CODE_SIGN_STYLE = Automatic;
				DEVELOPMENT_TEAM = 2BZWT4B52Q;
				ENABLE_STRICT_OBJC_MSGSEND = YES;
				ENABLE_TESTABILITY = YES;
				ENABLE_USER_SCRIPT_SANDBOXING = YES;
				GCC_NO_COMMON_BLOCKS = YES;
				GCC_WARN_64_TO_32_BIT_CONVERSION = YES;
				GCC_WARN_ABOUT_RETURN_TYPE = YES;
				GCC_WARN_UNDECLARED_SELECTOR = YES;
				GCC_WARN_UNINITIALIZED_AUTOS = YES;
				GCC_WARN_UNUSED_FUNCTION = YES;
				GCC_WARN_UNUSED_VARIABLE = YES;
				INFOPLIST_FILE = Info.plist;
				IPHONEOS_DEPLOYMENT_TARGET = 15.0;
				LD_RUNPATH_SEARCH_PATHS = (
					"$(inherited)",
					"@executable_path/Frameworks",
				);
				ONLY_ACTIVE_ARCH = YES;
				PRODUCT_BUNDLE_IDENTIFIER = com.metaglasses.testapp;
				PRODUCT_NAME = "$(TARGET_NAME)";
				SDKROOT = iphoneos;
				STRING_CATALOG_GENERATE_SYMBOLS = YES;
				SWIFT_VERSION = 5.0;
				TARGETED_DEVICE_FAMILY = "1,2";
			};
			name = Debug;
		};
		A1000302 /* Release */ = {
			isa = XCBuildConfiguration;
			buildSettings = {
				ALWAYS_SEARCH_USER_PATHS = NO;
				CLANG_ENABLE_OBJC_ARC = YES;
				CLANG_WARN_BLOCK_CAPTURE_AUTORELEASING = YES;
				CLANG_WARN_BOOL_CONVERSION = YES;
				CLANG_WARN_COMMA = YES;
				CLANG_WARN_CONSTANT_CONVERSION = YES;
				CLANG_WARN_DEPRECATED_OBJC_IMPLEMENTATIONS = YES;
				CLANG_WARN_EMPTY_BODY = YES;
				CLANG_WARN_ENUM_CONVERSION = YES;
				CLANG_WARN_INFINITE_RECURSION = YES;
				CLANG_WARN_INT_CONVERSION = YES;
				CLANG_WARN_NON_LITERAL_NULL_CONVERSION = YES;
				CLANG_WARN_OBJC_IMPLICIT_RETAIN_SELF = YES;
				CLANG_WARN_OBJC_LITERAL_CONVERSION = YES;
				CLANG_WARN_QUOTED_INCLUDE_IN_FRAMEWORK_HEADER = YES;
				CLANG_WARN_RANGE_LOOP_ANALYSIS = YES;
				CLANG_WARN_STRICT_PROTOTYPES = YES;
				CLANG_WARN_SUSPICIOUS_MOVE = YES;
				CLANG_WARN_UNREACHABLE_CODE = YES;
				CLANG_WARN__DUPLICATE_METHOD_MATCH = YES;
				CODE_SIGNING_ALLOWED = YES;
				CODE_SIGNING_REQUIRED = YES;
				CODE_SIGN_IDENTITY = "iPhone Developer";
				CODE_SIGN_STYLE = Automatic;
				DEVELOPMENT_TEAM = 2BZWT4B52Q;
				ENABLE_STRICT_OBJC_MSGSEND = YES;
				ENABLE_USER_SCRIPT_SANDBOXING = YES;
				GCC_NO_COMMON_BLOCKS = YES;
				GCC_WARN_64_TO_32_BIT_CONVERSION = YES;
				GCC_WARN_ABOUT_RETURN_TYPE = YES;
				GCC_WARN_UNDECLARED_SELECTOR = YES;
				GCC_WARN_UNINITIALIZED_AUTOS = YES;
				GCC_WARN_UNUSED_FUNCTION = YES;
				GCC_WARN_UNUSED_VARIABLE = YES;
				INFOPLIST_FILE = Info.plist;
				IPHONEOS_DEPLOYMENT_TARGET = 15.0;
				LD_RUNPATH_SEARCH_PATHS = (
					"$(inherited)",
					"@executable_path/Frameworks",
				);
				PRODUCT_BUNDLE_IDENTIFIER = com.metaglasses.testapp;
				PRODUCT_NAME = "$(TARGET_NAME)";
				SDKROOT = iphoneos;
				STRING_CATALOG_GENERATE_SYMBOLS = YES;
				SWIFT_COMPILATION_MODE = wholemodule;
				SWIFT_VERSION = 5.0;
				TARGETED_DEVICE_FAMILY = "1,2";
			};
			name = Release;
		};
/* End XCBuildConfiguration section */

/* Begin XCConfigurationList section */
		A1000300 /* Build configuration list for PBXProject "MetaGlassesApp" */ = {
			isa = XCConfigurationList;
			buildConfigurations = (
				A1000301 /* Debug */,
				A1000302 /* Release */,
			);
			defaultConfigurationIsVisible = 0;
			defaultConfigurationName = Debug;
		};
/* End XCConfigurationList section */
	};
	rootObject = A1000200 /* Project object */;
}
